
Microsoft Visual Studio Solution File, Format Version 12.00
# Visual Studio 15
VisualStudioVersion = 15.0.28307.168
MinimumVisualStudioVersion = 10.0.40219.1
Project("{FAE04EC0-301F-11D3-BF4B-00C04F79EFBC}") = "WebAppForAzure", "WebAppForAzure\WebAppForAzure.csproj", "{3C3E0F67-D620-49BA-B446-6AA90F1D12C6}"
EndProject
Global
	GlobalSection(SolutionConfigurationPlatforms) = preSolution
		Debug|Any CPU = Debug|Any CPU
		Release|Any CPU = Release|Any CPU
	EndGlobalSection
	GlobalSection(ProjectConfigurationPlatforms) = postSolution
		{3C3E0F67-D620-49BA-B446-6AA90F1D12C6}.Debug|Any CPU.ActiveCfg = Debug|Any CPU
		{3C3E0F67-D620-49BA-B446-6AA90F1D12C6}.Debug|Any CPU.Build.0 = Debug|Any CPU
		{3C3E0F67-D620-49BA-B446-6AA90F1D12C6}.Release|Any CPU.ActiveCfg = Release|Any CPU
		{3C3E0F67-D620-49BA-B446-6AA90F1D12C6}.Release|Any CPU.Build.0 = Release|Any CPU
	EndGlobalSection
	GlobalSection(SolutionProperties) = preSolution
		HideSolutionNode = FALSE
	EndGlobalSection
	GlobalSection(ExtensibilityGlobals) = postSolution
		SolutionGuid = {B698E6CB-D90F-4806-89E9-CF130522A32E}
	EndGlobalSection
EndGlobal
